
Microsoft Visual Studio Solution File, Format Version 12.00
# Visual Studio Version 17
VisualStudioVersion = 17.0.31903.59
MinimumVisualStudioVersion = 10.0.40219.1
Project("{FAE04EC0-301F-11D3-BF4B-00C04F79EFBC}") = "ProductHub.Api", "ProductHub.Api\ProductHub.Api.csproj", "{60874F92-1F1D-4315-B8B8-BB26FC74F3DA}"
EndProject
Project("{FAE04EC0-301F-11D3-BF4B-00C04F79EFBC}") = "ProductHub.Web", "ProductHub.Web\ProductHub.Web.csproj", "{153A51E7-F022-4EAF-8EA4-CA0464C739ED}"
EndProject
Project("{FAE04EC0-301F-11D3-BF4B-00C04F79EFBC}") = "ProductHub.Infrastructure", "ProductHub.Infrastructure\ProductHub.Infrastructure.csproj", "{E18082C7-7E43-4A6F-831E-0DA0A4350DF6}"
EndProject
Global
	GlobalSection(SolutionConfigurationPlatforms) = preSolution
		Debug|Any CPU = Debug|Any CPU
		Release|Any CPU = Release|Any CPU
	EndGlobalSection
	GlobalSection(SolutionProperties) = preSolution
		HideSolutionNode = FALSE
	EndGlobalSection
	GlobalSection(ProjectConfigurationPlatforms) = postSolution
		{60874F92-1F1D-4315-B8B8-BB26FC74F3DA}.Debug|Any CPU.ActiveCfg = Debug|Any CPU
		{60874F92-1F1D-4315-B8B8-BB26FC74F3DA}.Debug|Any CPU.Build.0 = Debug|Any CPU
		{60874F92-1F1D-4315-B8B8-BB26FC74F3DA}.Release|Any CPU.ActiveCfg = Release|Any CPU
		{60874F92-1F1D-4315-B8B8-BB26FC74F3DA}.Release|Any CPU.Build.0 = Release|Any CPU
		{153A51E7-F022-4EAF-8EA4-CA0464C739ED}.Debug|Any CPU.ActiveCfg = Debug|Any CPU
		{153A51E7-F022-4EAF-8EA4-CA0464C739ED}.Debug|Any CPU.Build.0 = Debug|Any CPU
		{153A51E7-F022-4EAF-8EA4-CA0464C739ED}.Release|Any CPU.ActiveCfg = Release|Any CPU
		{153A51E7-F022-4EAF-8EA4-CA0464C739ED}.Release|Any CPU.Build.0 = Release|Any CPU
		{E18082C7-7E43-4A6F-831E-0DA0A4350DF6}.Debug|Any CPU.ActiveCfg = Debug|Any CPU
		{E18082C7-7E43-4A6F-831E-0DA0A4350DF6}.Debug|Any CPU.Build.0 = Debug|Any CPU
		{E18082C7-7E43-4A6F-831E-0DA0A4350DF6}.Release|Any CPU.ActiveCfg = Release|Any CPU
		{E18082C7-7E43-4A6F-831E-0DA0A4350DF6}.Release|Any CPU.Build.0 = Release|Any CPU
	EndGlobalSection
EndGlobal

